
Microsoft Visual Studio Solution File, Format Version 12.00
# Visual Studio Version 17
VisualStudioVersion = 17.12.35527.113 d17.12
MinimumVisualStudioVersion = 10.0.40219.1
Project("{FAE04EC0-301F-11D3-BF4B-00C04F79EFBC}") = "Assignment 2 cs", "Assignment 2 cs\Assignment 2 cs.csproj", "{DDDC9A3E-5B7E-4F9D-8DE4-E3EC459C317B}"
EndProject
Global
	GlobalSection(SolutionConfigurationPlatforms) = preSolution
		Debug|Any CPU = Debug|Any CPU
		Release|Any CPU = Release|Any CPU
	EndGlobalSection
	GlobalSection(ProjectConfigurationPlatforms) = postSolution
		{DDDC9A3E-5B7E-4F9D-8DE4-E3EC459C317B}.Debug|Any CPU.ActiveCfg = Debug|Any CPU
		{DDDC9A3E-5B7E-4F9D-8DE4-E3EC459C317B}.Debug|Any CPU.Build.0 = Debug|Any CPU
		{DDDC9A3E-5B7E-4F9D-8DE4-E3EC459C317B}.Release|Any CPU.ActiveCfg = Release|Any CPU
		{DDDC9A3E-5B7E-4F9D-8DE4-E3EC459C317B}.Release|Any CPU.Build.0 = Release|Any CPU
	EndGlobalSection
	GlobalSection(SolutionProperties) = preSolution
		HideSolutionNode = FALSE
	EndGlobalSection
EndGlobal
